
Microsoft Visual Studio Solution File, Format Version 12.00
# Visual Studio Version 17
VisualStudioVersion = 17.11.35219.272
MinimumVisualStudioVersion = 10.0.40219.1
Project("{FAE04EC0-301F-11D3-BF4B-00C04F79EFBC}") = "FleetManagerChain.Web", "FleetManagerChain.Web\FleetManagerChain.Web.csproj", "{DA6A57B1-4CA4-4F7B-A68B-A2CF30D217AF}"
EndProject
Project("{FAE04EC0-301F-11D3-BF4B-00C04F79EFBC}") = "FleetManagerChain.Domain", "FleetManagerChain.Domain\FleetManagerChain.Domain.csproj", "{054BB6C5-28A1-4698-A470-ED7D6D328CE4}"
EndProject
Global
	GlobalSection(SolutionConfigurationPlatforms) = preSolution
		Debug|Any CPU = Debug|Any CPU
		Release|Any CPU = Release|Any CPU
	EndGlobalSection
	GlobalSection(ProjectConfigurationPlatforms) = postSolution
		{DA6A57B1-4CA4-4F7B-A68B-A2CF30D217AF}.Debug|Any CPU.ActiveCfg = Debug|Any CPU
		{DA6A57B1-4CA4-4F7B-A68B-A2CF30D217AF}.Debug|Any CPU.Build.0 = Debug|Any CPU
		{DA6A57B1-4CA4-4F7B-A68B-A2CF30D217AF}.Release|Any CPU.ActiveCfg = Release|Any CPU
		{DA6A57B1-4CA4-4F7B-A68B-A2CF30D217AF}.Release|Any CPU.Build.0 = Release|Any CPU
		{054BB6C5-28A1-4698-A470-ED7D6D328CE4}.Debug|Any CPU.ActiveCfg = Debug|Any CPU
		{054BB6C5-28A1-4698-A470-ED7D6D328CE4}.Debug|Any CPU.Build.0 = Debug|Any CPU
		{054BB6C5-28A1-4698-A470-ED7D6D328CE4}.Release|Any CPU.ActiveCfg = Release|Any CPU
		{054BB6C5-28A1-4698-A470-ED7D6D328CE4}.Release|Any CPU.Build.0 = Release|Any CPU
	EndGlobalSection
	GlobalSection(SolutionProperties) = preSolution
		HideSolutionNode = FALSE
	EndGlobalSection
	GlobalSection(ExtensibilityGlobals) = postSolution
		SolutionGuid = {92F9005B-5933-4083-B721-0986D1AD2277}
	EndGlobalSection
EndGlobal
